
Microsoft Visual Studio Solution File, Format Version 12.00
# Visual Studio 2013
VisualStudioVersion = 12.0.30723.0
MinimumVisualStudioVersion = 10.0.40219.1
Project("{FAE04EC0-301F-11D3-BF4B-00C04F79EFBC}") = "WebApplication1", "WebApplication1\WebApplication1.csproj", "{659B4D38-5597-464A-AD46-966A11AD4ADD}"
EndProject
Global
	GlobalSection(SolutionConfigurationPlatforms) = preSolution
		Debug|Any CPU = Debug|Any CPU
		Release|Any CPU = Release|Any CPU
	EndGlobalSection
	GlobalSection(ProjectConfigurationPlatforms) = postSolution
		{659B4D38-5597-464A-AD46-966A11AD4ADD}.Debug|Any CPU.ActiveCfg = Debug|Any CPU
		{659B4D38-5597-464A-AD46-966A11AD4ADD}.Debug|Any CPU.Build.0 = Debug|Any CPU
		{659B4D38-5597-464A-AD46-966A11AD4ADD}.Release|Any CPU.ActiveCfg = Release|Any CPU
		{659B4D38-5597-464A-AD46-966A11AD4ADD}.Release|Any CPU.Build.0 = Release|Any CPU
	EndGlobalSection
	GlobalSection(SolutionProperties) = preSolution
		HideSolutionNode = FALSE
	EndGlobalSection
EndGlobal
